
Microsoft Visual Studio Solution File, Format Version 12.00
# Visual Studio Version 17
VisualStudioVersion = 17.2.32505.173
MinimumVisualStudioVersion = 10.0.40219.1
Project("{FAE04EC0-301F-11D3-BF4B-00C04F79EFBC}") = "Test_operadarte", "Test_operadarte\Test_operadarte.csproj", "{D68DED9C-C697-4CD0-A977-EADBCB07E77C}"
EndProject
Global
	GlobalSection(SolutionConfigurationPlatforms) = preSolution
		Debug|Any CPU = Debug|Any CPU
		Release|Any CPU = Release|Any CPU
	EndGlobalSection
	GlobalSection(ProjectConfigurationPlatforms) = postSolution
		{D68DED9C-C697-4CD0-A977-EADBCB07E77C}.Debug|Any CPU.ActiveCfg = Debug|Any CPU
		{D68DED9C-C697-4CD0-A977-EADBCB07E77C}.Debug|Any CPU.Build.0 = Debug|Any CPU
		{D68DED9C-C697-4CD0-A977-EADBCB07E77C}.Release|Any CPU.ActiveCfg = Release|Any CPU
		{D68DED9C-C697-4CD0-A977-EADBCB07E77C}.Release|Any CPU.Build.0 = Release|Any CPU
	EndGlobalSection
	GlobalSection(SolutionProperties) = preSolution
		HideSolutionNode = FALSE
	EndGlobalSection
	GlobalSection(ExtensibilityGlobals) = postSolution
		SolutionGuid = {334D6B4B-BDE2-46C6-9FF8-602296DE997E}
	EndGlobalSection
EndGlobal
